{
  "name": "iam-intelligence-collector",
  "version": "0.1.0",
  "lockfileVersion": 3,
  "requires": true,
  "packages": {
    "": {
      "name": "iam-intelligence-collector",
      "version": "0.1.0",
      "dependencies": {
        "@azure/msal-node": "^2.16.2",
        "selfsigned": "^5.5.0"
      },
      "engines": {
        "node": ">=22.5.0"
      }
    },
    "node_modules/@azure/msal-common": {
      "version": "14.16.1",
      "resolved": "https://registry.npmjs.org/@azure/msal-common/-/msal-common-14.16.1.tgz",
      "integrity": "sha512-nyxsA6NA4SVKh5YyRpbSXiMr7oQbwark7JU9LMeg6tJYTSPyAGkdx61wPT4gyxZfxlSxMMEyAsWaubBlNyIa1w==",
      "license": "MIT",
      "engines": {
        "node": ">=0.8.0"
      }
    },
    "node_modules/@azure/msal-node": {
      "version": "2.16.3",
      "resolved": "https://registry.npmjs.org/@azure/msal-node/-/msal-node-2.16.3.tgz",
      "integrity": "sha512-CO+SE4weOsfJf+C5LM8argzvotrXw252/ZU6SM2Tz63fEblhH1uuVaaO4ISYFuN4Q6BhTo7I3qIdi8ydUQCqhw==",
      "license": "MIT",
      "dependencies": {
        "@azure/msal-common": "14.16.1",
        "jsonwebtoken": "^9.0.0",
        "uuid": "^8.3.0"
      },
      "engines": {
        "node": ">=16"
      }
    },
    "node_modules/@noble/hashes": {
      "version": "1.4.0",
      "resolved": "https://registry.npmjs.org/@noble/hashes/-/hashes-1.4.0.tgz",
      "integrity": "sha512-V1JJ1WTRUqHHrOSh597hURcMqVKVGL/ea3kv0gSnEdsEZ0/+VyPghM1lMNGc00z7CIQorSvbKpuJkxvuHbvdbg==",
      "license": "MIT",
      "engines": {
        "node": ">= 16"
      },
      "funding": {
        "url": "https://paulmillr.com/funding/"
      }
    },
    "node_modules/@peculiar/asn1-cms": {
      "version": "2.9.4",
      "resolved": "https://registry.npmjs.org/@peculiar/asn1-cms/-/asn1-cms-2.9.4.tgz",
      "integrity": "sha512-cben7oxmQsUGZqotus7yt0srYdncOT6RNWcTQ77T2RFOXejYVYkXadrfePdRcrVpO9K95IRLKKglG2k38jKXuw==",
      "license": "MIT",
      "dependencies": {
        "@peculiar/asn1-schema": "^2.9.4",
        "@peculiar/asn1-x509": "^2.9.4",
        "@peculiar/asn1-x509-attr": "^2.9.4",
        "asn1js": "^3.0.10",
        "tslib": "^2.8.1"
      },
      "engines": {
        "node": ">=14"
      }
    },
    "node_modules/@peculiar/asn1-csr": {
      "version": "2.9.4",
      "resolved": "https://registry.npmjs.org/@peculiar/asn1-csr/-/asn1-csr-2.9.4.tgz",
      "integrity": "sha512-xd4YN4vpRjkDAQWVfZZkeu12IEND7DOpkqaHSIHxZl1uggUNa9Ju0QxY2jHvDAS9pP0zhRBytg8ifsnGo3V0jw==",
      "license": "MIT",
      "dependencies": {
        "@peculiar/asn1-schema": "^2.9.4",
        "@peculiar/asn1-x509": "^2.9.4",
        "asn1js": "^3.0.10",
        "tslib": "^2.8.1"
      },
      "engines": {
        "node": ">=14"
      }
    },
    "node_modules/@peculiar/asn1-ecc": {
      "version": "2.9.4",
      "resolved": "https://registry.npmjs.org/@peculiar/asn1-ecc/-/asn1-ecc-2.9.4.tgz",
      "integrity": "sha512-JJXefFshRAuVAjWQo/39bkg1ywc1VaiO44S8RRC+Ykvf/u2KDmYffoDb0ZBPCR5uJy4AGKQhl8mX+Q8ShcWaXQ==",
      "license": "MIT",
      "dependencies": {
        "@peculiar/asn1-schema": "^2.9.4",
        "@peculiar/asn1-x509": "^2.9.4",
        "asn1js": "^3.0.10",
        "tslib": "^2.8.1"
      },
      "engines": {
        "node": ">=14"
      }
    },
    "node_modules/@peculiar/asn1-pfx": {
      "version": "2.9.4",
      "resolved": "https://registry.npmjs.org/@peculiar/asn1-pfx/-/asn1-pfx-2.9.4.tgz",
      "integrity": "sha512-khuGzHTzNzk4GDlIBEILyIs6Lce0yn0ZBdoI9v93kmNncfZRhD+AQ5ODFqdhvoE8cMJF/JMTQ8yA+t1D14kqCw==",
      "license": "MIT",
      "dependencies": {
        "@peculiar/asn1-cms": "^2.9.4",
        "@peculiar/asn1-pkcs8": "^2.9.4",
        "@peculiar/asn1-rsa": "^2.9.4",
        "@peculiar/asn1-schema": "^2.9.4",
        "asn1js": "^3.0.10",
        "tslib": "^2.8.1"
      },
      "engines": {
        "node": ">=14"
      }
    },
    "node_modules/@peculiar/asn1-pkcs8": {
      "version": "2.9.4",
      "resolved": "https://registry.npmjs.org/@peculiar/asn1-pkcs8/-/asn1-pkcs8-2.9.4.tgz",
      "integrity": "sha512-duRdotlUx9eDZe6QrQpQKl61RbWykCHBCkKayP8V8XdEFwlKHZ8qGGDMyS6Pye7OX7nLFttTTpRkJeet78ckwQ==",
      "license": "MIT",
      "dependencies": {
        "@peculiar/asn1-schema": "^2.9.4",
        "@peculiar/asn1-x509": "^2.9.4",
        "asn1js": "^3.0.10",
        "tslib": "^2.8.1"
      },
      "engines": {
        "node": ">=14"
      }
    },
    "node_modules/@peculiar/asn1-pkcs9": {
      "version": "2.9.4",
      "resolved": "https://registry.npmjs.org/@peculiar/asn1-pkcs9/-/asn1-pkcs9-2.9.4.tgz",
      "integrity": "sha512-kaL4cNxBpdQE2dKlyZBqz4ygCrwffO+8wfoxTEqM1Z8RadvCeELBRzcv0dzM8aY9azHMwODO5nxU65zXmhToOQ==",
      "license": "MIT",
      "dependencies": {
        "@peculiar/asn1-cms": "^2.9.4",
        "@peculiar/asn1-pfx": "^2.9.4",
        "@peculiar/asn1-pkcs8": "^2.9.4",
        "@peculiar/asn1-schema": "^2.9.4",
        "@peculiar/asn1-x509": "^2.9.4",
        "@peculiar/asn1-x509-attr": "^2.9.4",
        "asn1js": "^3.0.10",
        "tslib": "^2.8.1"
      },
      "engines": {
        "node": ">=14"
      }
    },
    "node_modules/@peculiar/asn1-rsa": {
      "version": "2.9.4",
      "resolved": "https://registry.npmjs.org/@peculiar/asn1-rsa/-/asn1-rsa-2.9.4.tgz",
      "integrity": "sha512-pZ96eD1PptovcWQ/GSmuNFXd/7EQJNlKfDaNCyE2rx3W0v6QFelkzquVqRSRyyDXXCYD69ZXJDzZ8GhIiQzKoA==",
      "license": "MIT",
      "dependencies": {
        "@peculiar/asn1-schema": "^2.9.4",
        "@peculiar/asn1-x509": "^2.9.4",
        "asn1js": "^3.0.10",
        "tslib": "^2.8.1"
      },
      "engines": {
        "node": ">=14"
      }
    },
    "node_modules/@peculiar/asn1-schema": {
      "version": "2.9.4",
      "resolved": "https://registry.npmjs.org/@peculiar/asn1-schema/-/asn1-schema-2.9.4.tgz",
      "integrity": "sha512-GjzePcT9Iw8NzeOPf73iNS9xM+TBhd/FilAfP+RQGkTMQJTVWtytN3JHJACCjf/ABNau5S7mS3g+DcuxmRgYEg==",
      "license": "MIT",
      "dependencies": {
        "@peculiar/utils": "^2.0.2",
        "asn1js": "^3.0.10",
        "tslib": "^2.8.1"
      },
      "engines": {
        "node": ">=14"
      }
    },
    "node_modules/@peculiar/asn1-x509": {
      "version": "2.9.4",
      "resolved": "https://registry.npmjs.org/@peculiar/asn1-x509/-/asn1-x509-2.9.4.tgz",
      "integrity": "sha512-CxhBo/RdEbMMob7T31ZdQjGuoyRFLVwrDzTn25bihzBasRg9kRm/0IxIPvhgQtcK/9dNcO1XQL2fuPugwELL0Q==",
      "license": "MIT",
      "dependencies": {
        "@peculiar/asn1-schema": "^2.9.4",
        "@peculiar/utils": "^2.0.2",
        "asn1js": "^3.0.10",
        "tslib": "^2.8.1"
      },
      "engines": {
        "node": ">=14"
      }
    },
    "node_modules/@peculiar/asn1-x509-attr": {
      "version": "2.9.4",
      "resolved": "https://registry.npmjs.org/@peculiar/asn1-x509-attr/-/asn1-x509-attr-2.9.4.tgz",
      "integrity": "sha512-ehQXbpQaQYycgu8OrvigwSPTFfVRcu0ECNYCWw+yzBp02Lw5paRqzzhUpfOgO2K38+WfFZuEz/0RPtam5g0OMg==",
      "license": "MIT",
      "dependencies": {
        "@peculiar/asn1-schema": "^2.9.4",
        "@peculiar/asn1-x509": "^2.9.4",
        "asn1js": "^3.0.10",
        "tslib": "^2.8.1"
      },
      "engines": {
        "node": ">=14"
      }
    },
    "node_modules/@peculiar/utils": {
      "version": "2.0.3",
      "resolved": "https://registry.npmjs.org/@peculiar/utils/-/utils-2.0.3.tgz",
      "integrity": "sha512-+oL3HPFRIZ1St2K50lWCXiioIgSoxzz7R1J3uF6neO2yl1sgmpgY6XXJH4BdpoDkMWznQTeYF6oWNDZLCdQ4eQ==",
      "license": "MIT",
      "dependencies": {
        "tslib": "^2.8.1"
      }
    },
    "node_modules/@peculiar/x509": {
      "version": "1.14.3",
      "resolved": "https://registry.npmjs.org/@peculiar/x509/-/x509-1.14.3.tgz",
      "integrity": "sha512-C2Xj8FZ0uHWeCXXqX5B4/gVFQmtSkiuOolzAgutjTfseNOHT3pUjljDZsTSxXFGgio54bCzVFqmEOUrIVk8RDA==",
      "license": "MIT",
      "dependencies": {
        "@peculiar/asn1-cms": "^2.6.0",
        "@peculiar/asn1-csr": "^2.6.0",
        "@peculiar/asn1-ecc": "^2.6.0",
        "@peculiar/asn1-pkcs9": "^2.6.0",
        "@peculiar/asn1-rsa": "^2.6.0",
        "@peculiar/asn1-schema": "^2.6.0",
        "@peculiar/asn1-x509": "^2.6.0",
        "pvtsutils": "^1.3.6",
        "reflect-metadata": "^0.2.2",
        "tslib": "^2.8.1",
        "tsyringe": "^4.10.0"
      },
      "engines": {
        "node": ">=20.0.0"
      }
    },
    "node_modules/asn1js": {
      "version": "3.0.10",
      "resolved": "https://registry.npmjs.org/asn1js/-/asn1js-3.0.10.tgz",
      "integrity": "sha512-S2s3aOytiKdFRdulw2qPE51MzjzVOisppcVv7jVFR+Kw0kxwvFrDcYA0h7Ndqbmj0HkMIXYWaoj7fli8kgx1eg==",
      "license": "BSD-3-Clause",
      "dependencies": {
        "pvtsutils": "^1.3.6",
        "pvutils": "^1.1.5",
        "tslib": "^2.8.1"
      },
      "engines": {
        "node": ">=12.0.0"
      }
    },
    "node_modules/buffer-equal-constant-time": {
      "version": "1.0.1",
      "resolved": "https://registry.npmjs.org/buffer-equal-constant-time/-/buffer-equal-constant-time-1.0.1.tgz",
      "integrity": "sha512-zRpUiDwd/xk6ADqPMATG8vc9VPrkck7T07OIx0gnjmJAnHnTVXNQG3vfvWNuiZIkwu9KrKdA1iJKfsfTVxE6NA==",
      "license": "BSD-3-Clause"
    },
    "node_modules/bytestreamjs": {
      "version": "2.0.1",
      "resolved": "https://registry.npmjs.org/bytestreamjs/-/bytestreamjs-2.0.1.tgz",
      "integrity": "sha512-U1Z/ob71V/bXfVABvNr/Kumf5VyeQRBEm6Txb0PQ6S7V5GpBM3w4Cbqz/xPDicR5tN0uvDifng8C+5qECeGwyQ==",
      "license": "BSD-3-Clause",
      "engines": {
        "node": ">=6.0.0"
      }
    },
    "node_modules/ecdsa-sig-formatter": {
      "version": "1.0.11",
      "resolved": "https://registry.npmjs.org/ecdsa-sig-formatter/-/ecdsa-sig-formatter-1.0.11.tgz",
      "integrity": "sha512-nagl3RYrbNv6kQkeJIpt6NJZy8twLB/2vtz6yN9Z4vRKHN4/QZJIEbqohALSgwKdnksuY3k5Addp5lg8sVoVcQ==",
      "license": "Apache-2.0",
      "dependencies": {
        "safe-buffer": "^5.0.1"
      }
    },
    "node_modules/jsonwebtoken": {
      "version": "9.0.3",
      "resolved": "https://registry.npmjs.org/jsonwebtoken/-/jsonwebtoken-9.0.3.tgz",
      "integrity": "sha512-MT/xP0CrubFRNLNKvxJ2BYfy53Zkm++5bX9dtuPbqAeQpTVe0MQTFhao8+Cp//EmJp244xt6Drw/GVEGCUj40g==",
      "license": "MIT",
      "dependencies": {
        "jws": "^4.0.1",
        "lodash.includes": "^4.3.0",
        "lodash.isboolean": "^3.0.3",
        "lodash.isinteger": "^4.0.4",
        "lodash.isnumber": "^3.0.3",
        "lodash.isplainobject": "^4.0.6",
        "lodash.isstring": "^4.0.1",
        "lodash.once": "^4.0.0",
        "ms": "^2.1.1",
        "semver": "^7.5.4"
      },
      "engines": {
        "node": ">=12",
        "npm": ">=6"
      }
    },
    "node_modules/jwa": {
      "version": "2.0.1",
      "resolved": "https://registry.npmjs.org/jwa/-/jwa-2.0.1.tgz",
      "integrity": "sha512-hRF04fqJIP8Abbkq5NKGN0Bbr3JxlQ+qhZufXVr0DvujKy93ZCbXZMHDL4EOtodSbCWxOqR8MS1tXA5hwqCXDg==",
      "license": "MIT",
      "dependencies": {
        "buffer-equal-constant-time": "^1.0.1",
        "ecdsa-sig-formatter": "1.0.11",
        "safe-buffer": "^5.0.1"
      }
    },
    "node_modules/jws": {
      "version": "4.0.1",
      "resolved": "https://registry.npmjs.org/jws/-/jws-4.0.1.tgz",
      "integrity": "sha512-EKI/M/yqPncGUUh44xz0PxSidXFr/+r0pA70+gIYhjv+et7yxM+s29Y+VGDkovRofQem0fs7Uvf4+YmAdyRduA==",
      "license": "MIT",
      "dependencies": {
        "jwa": "^2.0.1",
        "safe-buffer": "^5.0.1"
      }
    },
    "node_modules/lodash.includes": {
      "version": "4.3.0",
      "resolved": "https://registry.npmjs.org/lodash.includes/-/lodash.includes-4.3.0.tgz",
      "integrity": "sha512-W3Bx6mdkRTGtlJISOvVD/lbqjTlPPUDTMnlXZFnVwi9NKJ6tiAk6LVdlhZMm17VZisqhKcgzpO5Wz91PCt5b0w==",
      "license": "MIT"
    },
    "node_modules/lodash.isboolean": {
      "version": "3.0.3",
      "resolved": "https://registry.npmjs.org/lodash.isboolean/-/lodash.isboolean-3.0.3.tgz",
      "integrity": "sha512-Bz5mupy2SVbPHURB98VAcw+aHh4vRV5IPNhILUCsOzRmsTmSQ17jIuqopAentWoehktxGd9e/hbIXq980/1QJg==",
      "license": "MIT"
    },
    "node_modules/lodash.isinteger": {
      "version": "4.0.4",
      "resolved": "https://registry.npmjs.org/lodash.isinteger/-/lodash.isinteger-4.0.4.tgz",
      "integrity": "sha512-DBwtEWN2caHQ9/imiNeEA5ys1JoRtRfY3d7V9wkqtbycnAmTvRRmbHKDV4a0EYc678/dia0jrte4tjYwVBaZUA==",
      "license": "MIT"
    },
    "node_modules/lodash.isnumber": {
      "version": "3.0.3",
      "resolved": "https://registry.npmjs.org/lodash.isnumber/-/lodash.isnumber-3.0.3.tgz",
      "integrity": "sha512-QYqzpfwO3/CWf3XP+Z+tkQsfaLL/EnUlXWVkIk5FUPc4sBdTehEqZONuyRt2P67PXAk+NXmTBcc97zw9t1FQrw==",
      "license": "MIT"
    },
    "node_modules/lodash.isplainobject": {
      "version": "4.0.6",
      "resolved": "https://registry.npmjs.org/lodash.isplainobject/-/lodash.isplainobject-4.0.6.tgz",
      "integrity": "sha512-oSXzaWypCMHkPC3NvBEaPHf0KsA5mvPrOPgQWDsbg8n7orZ290M0BmC/jgRZ4vcJ6DTAhjrsSYgdsW/F+MFOBA==",
      "license": "MIT"
    },
    "node_modules/lodash.isstring": {
      "version": "4.0.1",
      "resolved": "https://registry.npmjs.org/lodash.isstring/-/lodash.isstring-4.0.1.tgz",
      "integrity": "sha512-0wJxfxH1wgO3GrbuP+dTTk7op+6L41QCXbGINEmD+ny/G/eCqGzxyCsh7159S+mgDDcoarnBw6PC1PS5+wUGgw==",
      "license": "MIT"
    },
    "node_modules/lodash.once": {
      "version": "4.1.1",
      "resolved": "https://registry.npmjs.org/lodash.once/-/lodash.once-4.1.1.tgz",
      "integrity": "sha512-Sb487aTOCr9drQVL8pIxOzVhafOjZN9UU54hiN8PU3uAiSV7lx1yYNpbNmex2PK6dSJoNTSJUUswT651yww3Mg==",
      "license": "MIT"
    },
    "node_modules/ms": {
      "version": "2.1.3",
      "resolved": "https://registry.npmjs.org/ms/-/ms-2.1.3.tgz",
      "integrity": "sha512-6FlzubTLZG3J2a/NVCAleEhjzq5oxgHyaCU9yYXvcLsvoVaHJq/s5xXI6/XXP6tz7R9xAOtHnSO/tXtF3WRTlA==",
      "license": "MIT"
    },
    "node_modules/pkijs": {
      "version": "3.4.0",
      "resolved": "https://registry.npmjs.org/pkijs/-/pkijs-3.4.0.tgz",
      "integrity": "sha512-emEcLuomt2j03vxD54giVB4SxTjnsqkU692xZOZXHDVoYyypEm+b3jpiTcc+Cf+myooc+/Ly0z01jqeNHVgJGw==",
      "license": "BSD-3-Clause",
      "dependencies": {
        "@noble/hashes": "1.4.0",
        "asn1js": "^3.0.6",
        "bytestreamjs": "^2.0.1",
        "pvtsutils": "^1.3.6",
        "pvutils": "^1.1.3",
        "tslib": "^2.8.1"
      },
      "engines": {
        "node": ">=16.0.0"
      }
    },
    "node_modules/pvtsutils": {
      "version": "1.3.6",
      "resolved": "https://registry.npmjs.org/pvtsutils/-/pvtsutils-1.3.6.tgz",
      "integrity": "sha512-PLgQXQ6H2FWCaeRak8vvk1GW462lMxB5s3Jm673N82zI4vqtVUPuZdffdZbPDFRoU8kAhItWFtPCWiPpp4/EDg==",
      "license": "MIT",
      "dependencies": {
        "tslib": "^2.8.1"
      }
    },
    "node_modules/pvutils": {
      "version": "1.2.0",
      "resolved": "https://registry.npmjs.org/pvutils/-/pvutils-1.2.0.tgz",
      "integrity": "sha512-BbubeCEyTuQjVMakvJQ/Sxbc93F2pwmbsxONT/ZRrwU7Ua38d8unYTwXpTVLAKJ4BDuH9IGztCjQcd/N/39Dvg==",
      "license": "MIT",
      "engines": {
        "node": ">=16.0.0"
      }
    },
    "node_modules/reflect-metadata": {
      "version": "0.2.2",
      "resolved": "https://registry.npmjs.org/reflect-metadata/-/reflect-metadata-0.2.2.tgz",
      "integrity": "sha512-urBwgfrvVP/eAyXx4hluJivBKzuEbSQs9rKWCrCkbSxNv8mxPcUZKeuoF3Uy4mJl3Lwprp6yy5/39VWigZ4K6Q==",
      "license": "Apache-2.0"
    },
    "node_modules/safe-buffer": {
      "version": "5.2.1",
      "resolved": "https://registry.npmjs.org/safe-buffer/-/safe-buffer-5.2.1.tgz",
      "integrity": "sha512-rp3So07KcdmmKbGvgaNxQSJr7bGVSVk5S9Eq1F+ppbRo70+YeaDxkw5Dd8NPN+GD6bjnYm2VuPuCXmpuYvmCXQ==",
      "funding": [
        {
          "type": "github",
          "url": "https://github.com/sponsors/feross"
        },
        {
          "type": "patreon",
          "url": "https://www.patreon.com/feross"
        },
        {
          "type": "consulting",
          "url": "https://feross.org/support"
        }
      ],
      "license": "MIT"
    },
    "node_modules/selfsigned": {
      "version": "5.5.0",
      "resolved": "https://registry.npmjs.org/selfsigned/-/selfsigned-5.5.0.tgz",
      "integrity": "sha512-ftnu3TW4+3eBfLRFnDEkzGxSF/10BJBkaLJuBHZX0kiPS7bRdlpZGu6YGt4KngMkdTwJE6MbjavFpqHvqVt+Ew==",
      "license": "MIT",
      "dependencies": {
        "@peculiar/x509": "^1.14.2",
        "pkijs": "^3.3.3"
      },
      "engines": {
        "node": ">=18"
      }
    },
    "node_modules/semver": {
      "version": "7.8.5",
      "resolved": "https://registry.npmjs.org/semver/-/semver-7.8.5.tgz",
      "integrity": "sha512-Y7/KDsb8LjooZpwaqGyulO6DQlksgCncchHGk+sZIY4SBvUocMBEFH5Ur1fI4dV+Jvl0w6cjvucaIi40puRioA==",
      "license": "ISC",
      "bin": {
        "semver": "bin/semver.js"
      },
      "engines": {
        "node": ">=10"
      }
    },
    "node_modules/tslib": {
      "version": "2.8.1",
      "resolved": "https://registry.npmjs.org/tslib/-/tslib-2.8.1.tgz",
      "integrity": "sha512-oJFu94HQb+KVduSUQL7wnpmqnfmLsOA/nAh6b6EH0wCEoK0/mPeXU6c3wKDV83MkOuHPRHtSXKKU99IBazS/2w==",
      "license": "0BSD"
    },
    "node_modules/tsyringe": {
      "version": "4.10.0",
      "resolved": "https://registry.npmjs.org/tsyringe/-/tsyringe-4.10.0.tgz",
      "integrity": "sha512-axr3IdNuVIxnaK5XGEUFTu3YmAQ6lllgrvqfEoR16g/HGnYY/6We4oWENtAnzK6/LpJ2ur9PAb80RBt7/U4ugw==",
      "license": "MIT",
      "dependencies": {
        "tslib": "^1.9.3"
      },
      "engines": {
        "node": ">= 6.0.0"
      }
    },
    "node_modules/tsyringe/node_modules/tslib": {
      "version": "1.14.1",
      "resolved": "https://registry.npmjs.org/tslib/-/tslib-1.14.1.tgz",
      "integrity": "sha512-Xni35NKzjgMrwevysHTCArtLDpPvye8zV/0E4EyYn43P7/7qvQwPh9BGkHewbMulVntbigmcT7rdX3BNo9wRJg==",
      "license": "0BSD"
    },
    "node_modules/uuid": {
      "version": "8.3.2",
      "resolved": "https://registry.npmjs.org/uuid/-/uuid-8.3.2.tgz",
      "integrity": "sha512-+NYs2QeMWy+GWFOEm9xnn6HCDp0l7QBD7ml8zLUmJ+93Q5NF0NocErnwkTkXVFNiX3/fpC6afS8Dhb/gz7R7eg==",
      "deprecated": "uuid@10 and below is no longer supported.  For ESM codebases, update to uuid@latest.  For CommonJS codebases, use uuid@11 (but be aware this version will likely be deprecated in 2028).",
      "license": "MIT",
      "bin": {
        "uuid": "dist/bin/uuid"
      }
    }
  }
}
